
Microsoft Visual Studio Solution File, Format Version 12.00
# Visual Studio 15
VisualStudioVersion = 15.0.27130.2027
MinimumVisualStudioVersion = 10.0.40219.1
Project("{9A19103F-16F7-4668-BE54-9A1E7A4F7556}") = "shopKartOnContainers", "shopKartOnContainers\shopKartOnContainers.csproj", "{DEAB4CAB-0B9C-48B5-BE28-855FF3396272}"
EndProject
Project("{E53339B2-1760-4266-BCC7-CA923CBCF16C}") = "docker-compose", "docker-compose.dcproj", "{59787A0F-C196-430F-A5B8-157E21706368}"
EndProject
Project("{2150E333-8FDC-42A3-9474-1A3956D46DE8}") = "Web Apps", "Web Apps", "{9239662F-1D3B-4059-B054-B8F7EBE9B6FF}"
EndProject
Project("{2150E333-8FDC-42A3-9474-1A3956D46DE8}") = "src", "src", "{9233A277-4256-4DC2-B949-BED773BE4E74}"
EndProject
Project("{2150E333-8FDC-42A3-9474-1A3956D46DE8}") = "services", "services", "{697F1E6A-3EA6-4DEC-8CD5-6CD8643061C1}"
EndProject
Project("{2150E333-8FDC-42A3-9474-1A3956D46DE8}") = "Basket", "Basket", "{EA578B9B-2F95-436B-B2E3-A377C8FF727D}"
EndProject
Project("{2150E333-8FDC-42A3-9474-1A3956D46DE8}") = "Catalog", "Catalog", "{8E081AE1-3A09-452D-A37E-4F2CE4440211}"
EndProject
Project("{9A19103F-16F7-4668-BE54-9A1E7A4F7556}") = "CatalogAPI", "..\CatalogAPI\CatalogAPI.csproj", "{1734BB96-8956-4A44-BECD-FE16AF901D2A}"
EndProject
Project("{FAE04EC0-301F-11D3-BF4B-00C04F79EFBC}") = "BasketAPI", "..\BasketAPI\BasketAPI.csproj", "{26BA5710-017B-4580-BFE3-974AD70AD418}"
EndProject
Project("{2150E333-8FDC-42A3-9474-1A3956D46DE8}") = "Ordering", "Ordering", "{8D8BDA1A-2678-4979-8194-9E902A363E7F}"
EndProject
Project("{FAE04EC0-301F-11D3-BF4B-00C04F79EFBC}") = "OrderingAPI", "OrderingAPI\OrderingAPI.csproj", "{14F711DC-3663-4098-84DF-DD0E1C9BCC10}"
EndProject
Global
	GlobalSection(SolutionConfigurationPlatforms) = preSolution
		Debug|Any CPU = Debug|Any CPU
		Release|Any CPU = Release|Any CPU
	EndGlobalSection
	GlobalSection(ProjectConfigurationPlatforms) = postSolution
		{DEAB4CAB-0B9C-48B5-BE28-855FF3396272}.Debug|Any CPU.ActiveCfg = Debug|Any CPU
		{DEAB4CAB-0B9C-48B5-BE28-855FF3396272}.Debug|Any CPU.Build.0 = Debug|Any CPU
		{DEAB4CAB-0B9C-48B5-BE28-855FF3396272}.Release|Any CPU.ActiveCfg = Release|Any CPU
		{DEAB4CAB-0B9C-48B5-BE28-855FF3396272}.Release|Any CPU.Build.0 = Release|Any CPU
		{59787A0F-C196-430F-A5B8-157E21706368}.Debug|Any CPU.ActiveCfg = Debug|Any CPU
		{59787A0F-C196-430F-A5B8-157E21706368}.Debug|Any CPU.Build.0 = Debug|Any CPU
		{59787A0F-C196-430F-A5B8-157E21706368}.Release|Any CPU.ActiveCfg = Release|Any CPU
		{59787A0F-C196-430F-A5B8-157E21706368}.Release|Any CPU.Build.0 = Release|Any CPU
		{1734BB96-8956-4A44-BECD-FE16AF901D2A}.Debug|Any CPU.ActiveCfg = Debug|Any CPU
		{1734BB96-8956-4A44-BECD-FE16AF901D2A}.Debug|Any CPU.Build.0 = Debug|Any CPU
		{1734BB96-8956-4A44-BECD-FE16AF901D2A}.Release|Any CPU.ActiveCfg = Release|Any CPU
		{1734BB96-8956-4A44-BECD-FE16AF901D2A}.Release|Any CPU.Build.0 = Release|Any CPU
		{26BA5710-017B-4580-BFE3-974AD70AD418}.Debug|Any CPU.ActiveCfg = Debug|Any CPU
		{26BA5710-017B-4580-BFE3-974AD70AD418}.Debug|Any CPU.Build.0 = Debug|Any CPU
		{26BA5710-017B-4580-BFE3-974AD70AD418}.Release|Any CPU.ActiveCfg = Release|Any CPU
		{26BA5710-017B-4580-BFE3-974AD70AD418}.Release|Any CPU.Build.0 = Release|Any CPU
		{14F711DC-3663-4098-84DF-DD0E1C9BCC10}.Debug|Any CPU.ActiveCfg = Debug|Any CPU
		{14F711DC-3663-4098-84DF-DD0E1C9BCC10}.Debug|Any CPU.Build.0 = Debug|Any CPU
		{14F711DC-3663-4098-84DF-DD0E1C9BCC10}.Release|Any CPU.ActiveCfg = Release|Any CPU
		{14F711DC-3663-4098-84DF-DD0E1C9BCC10}.Release|Any CPU.Build.0 = Release|Any CPU
	EndGlobalSection
	GlobalSection(SolutionProperties) = preSolution
		HideSolutionNode = FALSE
	EndGlobalSection
	GlobalSection(NestedProjects) = preSolution
		{DEAB4CAB-0B9C-48B5-BE28-855FF3396272} = {9239662F-1D3B-4059-B054-B8F7EBE9B6FF}
		{697F1E6A-3EA6-4DEC-8CD5-6CD8643061C1} = {9233A277-4256-4DC2-B949-BED773BE4E74}
		{EA578B9B-2F95-436B-B2E3-A377C8FF727D} = {697F1E6A-3EA6-4DEC-8CD5-6CD8643061C1}
		{8E081AE1-3A09-452D-A37E-4F2CE4440211} = {697F1E6A-3EA6-4DEC-8CD5-6CD8643061C1}
		{1734BB96-8956-4A44-BECD-FE16AF901D2A} = {8E081AE1-3A09-452D-A37E-4F2CE4440211}
		{26BA5710-017B-4580-BFE3-974AD70AD418} = {EA578B9B-2F95-436B-B2E3-A377C8FF727D}
		{8D8BDA1A-2678-4979-8194-9E902A363E7F} = {697F1E6A-3EA6-4DEC-8CD5-6CD8643061C1}
		{14F711DC-3663-4098-84DF-DD0E1C9BCC10} = {8D8BDA1A-2678-4979-8194-9E902A363E7F}
	EndGlobalSection
	GlobalSection(ExtensibilityGlobals) = postSolution
		SolutionGuid = {3CBA9349-175B-4D45-B707-EBBBEFA240A8}
	EndGlobalSection
EndGlobal
